
Microsoft Visual Studio Solution File, Format Version 12.00
# Visual Studio Version 17
VisualStudioVersion = 17.12.35527.113 d17.12
MinimumVisualStudioVersion = 10.0.40219.1
Project("{FAE04EC0-301F-11D3-BF4B-00C04F79EFBC}") = "task", "task\task.csproj", "{17399413-E8DF-41BA-B609-CB839A224EE0}"
EndProject
Project("{FAE04EC0-301F-11D3-BF4B-00C04F79EFBC}") = "Demo", "Demo\Demo.csproj", "{DEB510F9-BEE7-412A-95DB-DF1FF9627A4C}"
EndProject
Global
	GlobalSection(SolutionConfigurationPlatforms) = preSolution
		Debug|Any CPU = Debug|Any CPU
		Release|Any CPU = Release|Any CPU
	EndGlobalSection
	GlobalSection(ProjectConfigurationPlatforms) = postSolution
		{17399413-E8DF-41BA-B609-CB839A224EE0}.Debug|Any CPU.ActiveCfg = Debug|Any CPU
		{17399413-E8DF-41BA-B609-CB839A224EE0}.Debug|Any CPU.Build.0 = Debug|Any CPU
		{17399413-E8DF-41BA-B609-CB839A224EE0}.Release|Any CPU.ActiveCfg = Release|Any CPU
		{17399413-E8DF-41BA-B609-CB839A224EE0}.Release|Any CPU.Build.0 = Release|Any CPU
		{DEB510F9-BEE7-412A-95DB-DF1FF9627A4C}.Debug|Any CPU.ActiveCfg = Debug|Any CPU
		{DEB510F9-BEE7-412A-95DB-DF1FF9627A4C}.Debug|Any CPU.Build.0 = Debug|Any CPU
		{DEB510F9-BEE7-412A-95DB-DF1FF9627A4C}.Release|Any CPU.ActiveCfg = Release|Any CPU
		{DEB510F9-BEE7-412A-95DB-DF1FF9627A4C}.Release|Any CPU.Build.0 = Release|Any CPU
	EndGlobalSection
	GlobalSection(SolutionProperties) = preSolution
		HideSolutionNode = FALSE
	EndGlobalSection
EndGlobal
